
Microsoft Visual Studio Solution File, Format Version 12.00
# Visual Studio Version 16
VisualStudioVersion = 16.0.30011.22
MinimumVisualStudioVersion = 10.0.40219.1
Project("{FAE04EC0-301F-11D3-BF4B-00C04F79EFBC}") = "norte.parcial1.taglioretti.gabriel.git", "norte.parcial1.taglioretti.gabriel.git\norte.parcial1.taglioretti.gabriel.git.csproj", "{5FE8BE7D-C3AF-487A-9404-7764698FF268}"
EndProject
Global
	GlobalSection(SolutionConfigurationPlatforms) = preSolution
		Debug|Any CPU = Debug|Any CPU
		Release|Any CPU = Release|Any CPU
	EndGlobalSection
	GlobalSection(ProjectConfigurationPlatforms) = postSolution
		{5FE8BE7D-C3AF-487A-9404-7764698FF268}.Debug|Any CPU.ActiveCfg = Debug|Any CPU
		{5FE8BE7D-C3AF-487A-9404-7764698FF268}.Debug|Any CPU.Build.0 = Debug|Any CPU
		{5FE8BE7D-C3AF-487A-9404-7764698FF268}.Release|Any CPU.ActiveCfg = Release|Any CPU
		{5FE8BE7D-C3AF-487A-9404-7764698FF268}.Release|Any CPU.Build.0 = Release|Any CPU
	EndGlobalSection
	GlobalSection(SolutionProperties) = preSolution
		HideSolutionNode = FALSE
	EndGlobalSection
	GlobalSection(ExtensibilityGlobals) = postSolution
		SolutionGuid = {F7D956E7-874C-432E-97F7-5DA3C177D484}
	EndGlobalSection
EndGlobal
